
Microsoft Visual Studio Solution File, Format Version 12.00
# Visual Studio Version 17
VisualStudioVersion = 17.0.31903.59
MinimumVisualStudioVersion = 10.0.40219.1
Project("{FAE04EC0-301F-11D3-BF4B-00C04F79EFBC}") = "Praktikum 23 Mei 2022", "Praktikum 23 Mei 2022\Praktikum 23 Mei 2022.csproj", "{887161ED-4A5A-4CF6-A455-C793D2F55BBC}"
EndProject
Global
	GlobalSection(SolutionConfigurationPlatforms) = preSolution
		Debug|Any CPU = Debug|Any CPU
		Release|Any CPU = Release|Any CPU
	EndGlobalSection
	GlobalSection(ProjectConfigurationPlatforms) = postSolution
		{887161ED-4A5A-4CF6-A455-C793D2F55BBC}.Debug|Any CPU.ActiveCfg = Debug|Any CPU
		{887161ED-4A5A-4CF6-A455-C793D2F55BBC}.Debug|Any CPU.Build.0 = Debug|Any CPU
		{887161ED-4A5A-4CF6-A455-C793D2F55BBC}.Release|Any CPU.ActiveCfg = Release|Any CPU
		{887161ED-4A5A-4CF6-A455-C793D2F55BBC}.Release|Any CPU.Build.0 = Release|Any CPU
	EndGlobalSection
	GlobalSection(SolutionProperties) = preSolution
		HideSolutionNode = FALSE
	EndGlobalSection
	GlobalSection(ExtensibilityGlobals) = postSolution
		SolutionGuid = {E624031D-4D06-42FF-A78F-58AC70E6777E}
	EndGlobalSection
EndGlobal
